{
    "_meta": {
        "hash": {
            "sha256": "3c2cf86565953ca67c093287d4358d7b8978e1e0dacd8630554137ae1fa11a27"
        },
        "host-environment-markers": {
            "implementation_name": "cpython",
            "implementation_version": "0",
            "os_name": "posix",
            "platform_machine": "x86_64",
            "platform_python_implementation": "CPython",
            "platform_release": "3.10.0-693.17.1.el7.x86_64",
            "platform_system": "Linux",
            "platform_version": "#1 SMP Sun Jan 14 10:36:03 EST 2018",
            "python_full_version": "2.7.5",
            "python_version": "2.7",
            "sys_platform": "linux2"
        },
        "pipfile-spec": 6,
        "requires": {},
        "sources": [
            {
                "name": "pypi",
                "url": "https://pypi.python.org/simple",
                "verify_ssl": true
            }
        ]
    },
    "default": {
        "nagiosplugin": {
            "hashes": [
                "sha256:6b020aca516f3643ad02378866d382f0296bf378fa3874d9b2e1d3cc6135f8bb"
            ],
            "version": "==1.2.4"
        }
    },
    "develop": {}
}
